<?xml version="1.0" encoding="utf-8"?>
<Project ToolsVersion="4.0" xmlns="http://schemas.microsoft.com/developer/msbuild/2003">
  <ItemGroup>
    <ClCompile Include="Allegro5Exception.cpp" />
    <ClCompile Include="ArcherArmy.cpp" />
    <ClCompile Include="ArcherBullet.cpp" />
    <ClCompile Include="Army.cpp" />
    <ClCompile Include="ArmyBullet.cpp" />
    <ClCompile Include="ArmyButton.cpp" />
    <ClCompile Include="ArmySelectScene.cpp" />
    <ClCompile Include="AudioHelper.cpp" />
    <ClCompile Include="BombArmy.cpp" />
    <ClCompile Include="Bullet.cpp" />
    <ClCompile Include="CannonBullet.cpp" />
    <ClCompile Include="CannonDefense.cpp" />
    <ClCompile Include="Collider.cpp" />
    <ClCompile Include="Defense.cpp" />
    <ClCompile Include="DirtyEffect.cpp" />
    <ClCompile Include="ExplosionEffect.cpp" />
    <ClCompile Include="GameEngine.cpp" />
    <ClCompile Include="Group.cpp" />
    <ClCompile Include="IControl.cpp" />
    <ClCompile Include="Image.cpp" />
    <ClCompile Include="ImageButton.cpp" />
    <ClCompile Include="IObject.cpp" />
    <ClCompile Include="IScene.cpp" />
    <ClCompile Include="Label.cpp" />
    <ClCompile Include="LOG.cpp" />
    <ClCompile Include="LoseScene.cpp" />
    <ClCompile Include="main.cpp" />
    <ClCompile Include="Plane.cpp" />
    <ClCompile Include="PlayScene.cpp" />
    <ClCompile Include="Point.cpp" />
    <ClCompile Include="Resources.cpp" />
    <ClCompile Include="Role.cpp" />
    <ClCompile Include="Setting_Scene.cpp" />
    <ClCompile Include="ShootEffect.cpp" />
    <ClCompile Include="Slider.cpp" />
    <ClCompile Include="Sprite.cpp" />
    <ClCompile Include="StageSelectScene.cpp" />
    <ClCompile Include="Start_Scene.cpp" />
    <ClCompile Include="WallDefense.cpp" />
    <ClCompile Include="WinScene.cpp" />
  </ItemGroup>
  <ItemGroup>
    <ClInclude Include="Allegro5Exception.hpp" />
    <ClInclude Include="ArcherArmy.hpp" />
    <ClInclude Include="ArcherBullet.hpp" />
    <ClInclude Include="Army.hpp" />
    <ClInclude Include="ArmyBullet.hpp" />
    <ClInclude Include="ArmyButton.hpp" />
    <ClInclude Include="ArmySelectScene.hpp" />
    <ClInclude Include="AudioHelper.hpp" />
    <ClInclude Include="BombArmy.hpp" />
    <ClInclude Include="Bullet.hpp" />
    <ClInclude Include="CannonBullet.hpp" />
    <ClInclude Include="CannonDefense.hpp" />
    <ClInclude Include="Collider.hpp" />
    <ClInclude Include="Defense.hpp" />
    <ClInclude Include="DirtyEffect.hpp" />
    <ClInclude Include="ExplosionEffect.hpp" />
    <ClInclude Include="GameEngine.hpp" />
    <ClInclude Include="Group.hpp" />
    <ClInclude Include="IControl.hpp" />
    <ClInclude Include="Image.hpp" />
    <ClInclude Include="ImageButton.hpp" />
    <ClInclude Include="IObject.hpp" />
    <ClInclude Include="IScene.hpp" />
    <ClInclude Include="Label.hpp" />
    <ClInclude Include="LOG.hpp" />
    <ClInclude Include="LoseScene.hpp" />
    <ClInclude Include="Plane.hpp" />
    <ClInclude Include="PlayScene.hpp" />
    <ClInclude Include="Point.hpp" />
    <ClInclude Include="Resources.hpp" />
    <ClInclude Include="Role.hpp" />
    <ClInclude Include="Setting_Scene.hpp" />
    <ClInclude Include="ShootEffect.hpp" />
    <ClInclude Include="Slider.hpp" />
    <ClInclude Include="Sprite.hpp" />
    <ClInclude Include="StageSelectScene.hpp" />
    <ClInclude Include="Start_Scene.hpp" />
    <ClInclude Include="ViewController.h" />
    <ClInclude Include="WallDefense.hpp" />
    <ClInclude Include="WinScene.hpp" />
  </ItemGroup>
</Project>